
Microsoft Visual Studio Solution File, Format Version 12.00
# Visual Studio 14
VisualStudioVersion = 14.0.24720.0
MinimumVisualStudioVersion = 10.0.40219.1
Project("{FAE04EC0-301F-11D3-BF4B-00C04F79EFBC}") = "Tomato.TrafficSignRecognizer", "Tomato.TrafficSignRecognizer\Tomato.TrafficSignRecognizer.csproj", "{8CA1A1E6-E0FD-4B9C-BF54-BA74BE464C4C}"
EndProject
Project("{8BC9CEB8-8B4A-11D0-8D11-00A0C91BC942}") = "Tomato.TrafficSignRecognizer.Processor", "Tomato.TrafficSignRecognizer.Processor\Tomato.TrafficSignRecognizer.Processor.vcxproj", "{02716874-ECE0-47C7-8F7D-B2E875A2BD58}"
EndProject
Project("{8BC9CEB8-8B4A-11D0-8D11-00A0C91BC942}") = "libsvm", "libsvm\libsvm.vcxproj", "{B168338B-45DE-48ED-A326-B799B536A681}"
EndProject
Global
	GlobalSection(SolutionConfigurationPlatforms) = preSolution
		Debug|ARM = Debug|ARM
		Debug|x64 = Debug|x64
		Debug|x86 = Debug|x86
		Release|ARM = Release|ARM
		Release|x64 = Release|x64
		Release|x86 = Release|x86
	EndGlobalSection
	GlobalSection(ProjectConfigurationPlatforms) = postSolution
		{8CA1A1E6-E0FD-4B9C-BF54-BA74BE464C4C}.Debug|ARM.ActiveCfg = Debug|ARM
		{8CA1A1E6-E0FD-4B9C-BF54-BA74BE464C4C}.Debug|ARM.Build.0 = Debug|ARM
		{8CA1A1E6-E0FD-4B9C-BF54-BA74BE464C4C}.Debug|ARM.Deploy.0 = Debug|ARM
		{8CA1A1E6-E0FD-4B9C-BF54-BA74BE464C4C}.Debug|x64.ActiveCfg = Debug|x64
		{8CA1A1E6-E0FD-4B9C-BF54-BA74BE464C4C}.Debug|x64.Build.0 = Debug|x64
		{8CA1A1E6-E0FD-4B9C-BF54-BA74BE464C4C}.Debug|x64.Deploy.0 = Debug|x64
		{8CA1A1E6-E0FD-4B9C-BF54-BA74BE464C4C}.Debug|x86.ActiveCfg = Debug|x86
		{8CA1A1E6-E0FD-4B9C-BF54-BA74BE464C4C}.Debug|x86.Build.0 = Debug|x86
		{8CA1A1E6-E0FD-4B9C-BF54-BA74BE464C4C}.Debug|x86.Deploy.0 = Debug|x86
		{8CA1A1E6-E0FD-4B9C-BF54-BA74BE464C4C}.Release|ARM.ActiveCfg = Release|ARM
		{8CA1A1E6-E0FD-4B9C-BF54-BA74BE464C4C}.Release|ARM.Build.0 = Release|ARM
		{8CA1A1E6-E0FD-4B9C-BF54-BA74BE464C4C}.Release|ARM.Deploy.0 = Release|ARM
		{8CA1A1E6-E0FD-4B9C-BF54-BA74BE464C4C}.Release|x64.ActiveCfg = Release|x64
		{8CA1A1E6-E0FD-4B9C-BF54-BA74BE464C4C}.Release|x64.Build.0 = Release|x64
		{8CA1A1E6-E0FD-4B9C-BF54-BA74BE464C4C}.Release|x64.Deploy.0 = Release|x64
		{8CA1A1E6-E0FD-4B9C-BF54-BA74BE464C4C}.Release|x86.ActiveCfg = Release|x86
		{8CA1A1E6-E0FD-4B9C-BF54-BA74BE464C4C}.Release|x86.Build.0 = Release|x86
		{8CA1A1E6-E0FD-4B9C-BF54-BA74BE464C4C}.Release|x86.Deploy.0 = Release|x86
		{02716874-ECE0-47C7-8F7D-B2E875A2BD58}.Debug|ARM.ActiveCfg = Debug|ARM
		{02716874-ECE0-47C7-8F7D-B2E875A2BD58}.Debug|ARM.Build.0 = Debug|ARM
		{02716874-ECE0-47C7-8F7D-B2E875A2BD58}.Debug|x64.ActiveCfg = Debug|x64
		{02716874-ECE0-47C7-8F7D-B2E875A2BD58}.Debug|x64.Build.0 = Debug|x64
		{02716874-ECE0-47C7-8F7D-B2E875A2BD58}.Debug|x86.ActiveCfg = Debug|Win32
		{02716874-ECE0-47C7-8F7D-B2E875A2BD58}.Debug|x86.Build.0 = Debug|Win32
		{02716874-ECE0-47C7-8F7D-B2E875A2BD58}.Release|ARM.ActiveCfg = Release|ARM
		{02716874-ECE0-47C7-8F7D-B2E875A2BD58}.Release|ARM.Build.0 = Release|ARM
		{02716874-ECE0-47C7-8F7D-B2E875A2BD58}.Release|x64.ActiveCfg = Release|x64
		{02716874-ECE0-47C7-8F7D-B2E875A2BD58}.Release|x64.Build.0 = Release|x64
		{02716874-ECE0-47C7-8F7D-B2E875A2BD58}.Release|x86.ActiveCfg = Release|Win32
		{02716874-ECE0-47C7-8F7D-B2E875A2BD58}.Release|x86.Build.0 = Release|Win32
		{B168338B-45DE-48ED-A326-B799B536A681}.Debug|ARM.ActiveCfg = Debug|ARM
		{B168338B-45DE-48ED-A326-B799B536A681}.Debug|ARM.Build.0 = Debug|ARM
		{B168338B-45DE-48ED-A326-B799B536A681}.Debug|x64.ActiveCfg = Debug|x64
		{B168338B-45DE-48ED-A326-B799B536A681}.Debug|x64.Build.0 = Debug|x64
		{B168338B-45DE-48ED-A326-B799B536A681}.Debug|x86.ActiveCfg = Debug|Win32
		{B168338B-45DE-48ED-A326-B799B536A681}.Debug|x86.Build.0 = Debug|Win32
		{B168338B-45DE-48ED-A326-B799B536A681}.Release|ARM.ActiveCfg = Release|ARM
		{B168338B-45DE-48ED-A326-B799B536A681}.Release|ARM.Build.0 = Release|ARM
		{B168338B-45DE-48ED-A326-B799B536A681}.Release|x64.ActiveCfg = Release|x64
		{B168338B-45DE-48ED-A326-B799B536A681}.Release|x64.Build.0 = Release|x64
		{B168338B-45DE-48ED-A326-B799B536A681}.Release|x86.ActiveCfg = Release|Win32
		{B168338B-45DE-48ED-A326-B799B536A681}.Release|x86.Build.0 = Release|Win32
	EndGlobalSection
	GlobalSection(SolutionProperties) = preSolution
		HideSolutionNode = FALSE
	EndGlobalSection
EndGlobal
