<?xml version="1.0" encoding="utf-8"?>
<Project ToolsVersion="14.0" xmlns="http://schemas.microsoft.com/developer/msbuild/2003">
  <ItemGroup>
    <Filter Include="Resources">
      <UniqueIdentifier>1487f983-19a6-45df-ada7-15386ad6bbc5</UniqueIdentifier>
      <Extensions>rc;ico;cur;bmp;dlg;rc2;rct;bin;rgs;gif;jpg;jpeg;jpe;resx;tga;tiff;tif;png;wav;mfcribbon-ms</Extensions>
    </Filter>
    <Filter Include="头文件">
      <UniqueIdentifier>{24ea9623-f869-43ab-875c-33a9fbb724b6}</UniqueIdentifier>
    </Filter>
    <Filter Include="源文件">
      <UniqueIdentifier>{ef80cb85-a057-45b9-9f57-3422f163bb6e}</UniqueIdentifier>
    </Filter>
    <Filter Include="头文件\amprng">
      <UniqueIdentifier>{4c283539-8844-4d69-84ab-6d258f846abd}</UniqueIdentifier>
    </Filter>
  </ItemGroup>
  <ItemGroup>
    <ClCompile Include="pch.cpp">
      <Filter>源文件</Filter>
    </ClCompile>
    <ClCompile Include="Recognizer.cpp">
      <Filter>源文件</Filter>
    </ClCompile>
    <ClCompile Include="algorithms.cpp">
      <Filter>源文件</Filter>
    </ClCompile>
  </ItemGroup>
  <ItemGroup>
    <ClInclude Include="pch.h">
      <Filter>头文件</Filter>
    </ClInclude>
    <ClInclude Include="common.h">
      <Filter>头文件</Filter>
    </ClInclude>
    <ClInclude Include="Recognizer.h">
      <Filter>头文件</Filter>
    </ClInclude>
    <ClInclude Include="algorithms.h">
      <Filter>头文件</Filter>
    </ClInclude>
    <ClInclude Include="platform.h">
      <Filter>头文件</Filter>
    </ClInclude>
    <ClInclude Include="amprng\amp_rand_collection.h">
      <Filter>头文件\amprng</Filter>
    </ClInclude>
    <ClInclude Include="amprng\amp_sobol_rng.h">
      <Filter>头文件\amprng</Filter>
    </ClInclude>
    <ClInclude Include="amprng\xxamp_sobol_rng.h">
      <Filter>头文件\amprng</Filter>
    </ClInclude>
  </ItemGroup>
  <ItemGroup>
    <None Include="packages.config" />
  </ItemGroup>
</Project>